
Microsoft Visual Studio Solution File, Format Version 12.00
# Visual Studio Version 17
VisualStudioVersion = 17.8.34309.116
MinimumVisualStudioVersion = 10.0.40219.1
Project("{9A19103F-16F7-4668-BE54-9A1E7A4F7556}") = "EllipticCurves.Example", "EllipticCurves.Example.csproj", "{44186ABD-0345-4888-B3B4-949D4F24A899}"
EndProject
Project("{9A19103F-16F7-4668-BE54-9A1E7A4F7556}") = "EllipticCurves", "..\sources\EllipticCurves.csproj", "{750E79E8-06B8-451A-893F-FAC512DD6DD6}"
EndProject
Global
	GlobalSection(SolutionConfigurationPlatforms) = preSolution
		Debug|Any CPU = Debug|Any CPU
		Release|Any CPU = Release|Any CPU
	EndGlobalSection
	GlobalSection(ProjectConfigurationPlatforms) = postSolution
		{44186ABD-0345-4888-B3B4-949D4F24A899}.Debug|Any CPU.ActiveCfg = Debug|Any CPU
		{44186ABD-0345-4888-B3B4-949D4F24A899}.Debug|Any CPU.Build.0 = Debug|Any CPU
		{44186ABD-0345-4888-B3B4-949D4F24A899}.Release|Any CPU.ActiveCfg = Release|Any CPU
		{44186ABD-0345-4888-B3B4-949D4F24A899}.Release|Any CPU.Build.0 = Release|Any CPU
		{750E79E8-06B8-451A-893F-FAC512DD6DD6}.Debug|Any CPU.ActiveCfg = Debug|Any CPU
		{750E79E8-06B8-451A-893F-FAC512DD6DD6}.Debug|Any CPU.Build.0 = Debug|Any CPU
		{750E79E8-06B8-451A-893F-FAC512DD6DD6}.Release|Any CPU.ActiveCfg = Release|Any CPU
		{750E79E8-06B8-451A-893F-FAC512DD6DD6}.Release|Any CPU.Build.0 = Release|Any CPU
	EndGlobalSection
	GlobalSection(SolutionProperties) = preSolution
		HideSolutionNode = FALSE
	EndGlobalSection
	GlobalSection(ExtensibilityGlobals) = postSolution
		SolutionGuid = {B3859E8F-7522-4977-A5C4-5D063C2B1DC0}
	EndGlobalSection
EndGlobal
